PODS:
  - UserAvatarView (1.0.0)

DEPENDENCIES:
  - UserAvatarView (~> 1.0)

SPEC REPOS:
  https://github.com/cocoapods/specs.git:
    - UserAvatarView

SPEC CHECKSUMS:
  UserAvatarView: 71204485a4d400362486849fe92afc278ecc654a

PODFILE CHECKSUM: 901c805e7761eb4c142471ea5ff412a2e027e9f3

COCOAPODS: 1.5.3
