PODS:
  - UserAvatarView (1.2.0)

DEPENDENCIES:
  - UserAvatarView (~> 1.2)

SPEC REPOS:
  https://github.com/cocoapods/specs.git:
    - UserAvatarView

SPEC CHECKSUMS:
  UserAvatarView: b1fcc279dcd34a56a1d5bb5e321a3e0749d37394

PODFILE CHECKSUM: da3dbacb9bc4f80d4e94287abc388cf25a79e8fe

COCOAPODS: 1.5.3
