PODS:
  - UserAvatarView (0.1.0)

DEPENDENCIES:
  - UserAvatarView (= 0.1.0)

SPEC REPOS:
  https://github.com/cocoapods/specs.git:
    - UserAvatarView

SPEC CHECKSUMS:
  UserAvatarView: ff33b454e90f94abfa2cdd6e794dfa62ba0c3321

PODFILE CHECKSUM: 478cb8ee7739e52136f9531b23553573306a1e9a

COCOAPODS: 1.5.3
