// !$*UTF8*$!
{
	archiveVersion = 1;
	classes = {
	};
	objectVersion = 51;
	objects = {

/* Begin PBXBuildFile section */
		5EEE7733714D1E6E91A48E97 /* Pods_UserAvatarViewExample.framework in Frameworks */ = {isa = PBXBuildFile; fileRef = 185421C3926C99FE62730596 /* Pods_UserAvatarViewExample.framework */; };
		85191F6D2206FF08008CC5B2 /* AppDelegate.swift in Sources */ = {isa = PBXBuildFile; fileRef = 85191F6C2206FF08008CC5B2 /* AppDelegate.swift */; };
		85191F6F2206FF08008CC5B2 /* ViewController.swift in Sources */ = {isa = PBXBuildFile; fileRef = 85191F6E2206FF08008CC5B2 /* ViewController.swift */; };
		85191F722206FF08008CC5B2 /* Main.storyboard in Resources */ = {isa = PBXBuildFile; fileRef = 85191F702206FF08008CC5B2 /* Main.storyboard */; };
		85191F742206FF0A008CC5B2 /* Assets.xcassets in Resources */ = {isa = PBXBuildFile; fileRef = 85191F732206FF0A008CC5B2 /* Assets.xcassets */; };
		85191F772206FF0A008CC5B2 /* LaunchScreen.storyboard in Resources */ = {isa = PBXBuildFile; fileRef = 85191F752206FF0A008CC5B2 /* LaunchScreen.storyboard */; };
/* End PBXBuildFile section */

/* Begin PBXFileReference section */
		17545A75F90713DE565B3632 /* Pods-UserAvatarViewExample.release.xcconfig */ = {isa = PBXFileReference; includeInIndex = 1; lastKnownFileType = text.xcconfig; name = "Pods-UserAvatarViewExample.release.xcconfig"; path = "Pods/Target Support Files/Pods-UserAvatarViewExample/Pods-UserAvatarViewExample.release.xcconfig"; sourceTree = "<group>"; };
		185421C3926C99FE62730596 /* Pods_UserAvatarViewExample.framework */ = {isa = PBXFileReference; explicitFileType = wrapper.framework; includeInIndex = 0; path = Pods_UserAvatarViewExample.framework; sourceTree = BUILT_PRODUCTS_DIR; };
		50F162DCFB4F4170BA52CF51 /* Pods-UserAvatarViewExample.debug.xcconfig */ = {isa = PBXFileReference; includeInIndex = 1; lastKnownFileType = text.xcconfig; name = "Pods-UserAvatarViewExample.debug.xcconfig"; path = "Pods/Target Support Files/Pods-UserAvatarViewExample/Pods-UserAvatarViewExample.debug.xcconfig"; sourceTree = "<group>"; };
		85191F692206FF08008CC5B2 /* UserAvatarViewExample.app */ = {isa = PBXFileReference; explicitFileType = wrapper.application; includeInIndex = 0; path = UserAvatarViewExample.app; sourceTree = BUILT_PRODUCTS_DIR; };
		85191F6C2206FF08008CC5B2 /* AppDelegate.swift */ = {isa = PBXFileReference; lastKnownFileType = sourcecode.swift; path = AppDelegate.swift; sourceTree = "<group>"; };
		85191F6E2206FF08008CC5B2 /* ViewController.swift */ = {isa = PBXFileReference; lastKnownFileType = sourcecode.swift; path = ViewController.swift; sourceTree = "<group>"; };
		85191F712206FF08008CC5B2 /* Base */ = {isa = PBXFileReference; lastKnownFileType = file.storyboard; name = Base; path = Base.lproj/Main.storyboard; sourceTree = "<group>"; };
		85191F732206FF0A008CC5B2 /* Assets.xcassets */ = {isa = PBXFileReference; lastKnownFileType = folder.assetcatalog; path = Assets.xcassets; sourceTree = "<group>"; };
		85191F762206FF0A008CC5B2 /* Base */ = {isa = PBXFileReference; lastKnownFileType = file.storyboard; name = Base; path = Base.lproj/LaunchScreen.storyboard; sourceTree = "<group>"; };
		85191F782206FF0A008CC5B2 /* Info.plist */ = {isa = PBXFileReference; lastKnownFileType = text.plist.xml; path = Info.plist; sourceTree = "<group>"; };
/* End PBXFileReference section */

/* Begin PBXFrameworksBuildPhase section */
		85191F662206FF08008CC5B2 /* Frameworks */ = {
			isa = PBXFrameworksBuildPhase;
			buildActionMask = 2147483647;
			files = (
				5EEE7733714D1E6E91A48E97 /* Pods_UserAvatarViewExample.framework in Frameworks */,
			);
			runOnlyForDeploymentPostprocessing = 0;
		};
/* End PBXFrameworksBuildPhase section */

/* Begin PBXGroup section */
		5A2BE2F3B0B84CB545D34D70 /* Frameworks */ = {
			isa = PBXGroup;
			children = (
				185421C3926C99FE62730596 /* Pods_UserAvatarViewExample.framework */,
			);
			name = Frameworks;
			sourceTree = "<group>";
		};
		6ED339BD07AC3422D0B3F511 /* Pods */ = {
			isa = PBXGroup;
			children = (
				50F162DCFB4F4170BA52CF51 /* Pods-UserAvatarViewExample.debug.xcconfig */,
				17545A75F90713DE565B3632 /* Pods-UserAvatarViewExample.release.xcconfig */,
			);
			name = Pods;
			sourceTree = "<group>";
		};
		85191F602206FF08008CC5B2 = {
			isa = PBXGroup;
			children = (
				85191F6B2206FF08008CC5B2 /* UserAvatarViewExample */,
				85191F6A2206FF08008CC5B2 /* Products */,
				6ED339BD07AC3422D0B3F511 /* Pods */,
				5A2BE2F3B0B84CB545D34D70 /* Frameworks */,
			);
			sourceTree = "<group>";
		};
		85191F6A2206FF08008CC5B2 /* Products */ = {
			isa = PBXGroup;
			children = (
				85191F692206FF08008CC5B2 /* UserAvatarViewExample.app */,
			);
			name = Products;
			sourceTree = "<group>";
		};
		85191F6B2206FF08008CC5B2 /* UserAvatarViewExample */ = {
			isa = PBXGroup;
			children = (
				85191F6C2206FF08008CC5B2 /* AppDelegate.swift */,
				85191F6E2206FF08008CC5B2 /* ViewController.swift */,
				85191F702206FF08008CC5B2 /* Main.storyboard */,
				85191F732206FF0A008CC5B2 /* Assets.xcassets */,
				85191F752206FF0A008CC5B2 /* LaunchScreen.storyboard */,
				85191F782206FF0A008CC5B2 /* Info.plist */,
			);
			path = UserAvatarViewExample;
			sourceTree = "<group>";
		};
/* End PBXGroup section */

/* Begin PBXNativeTarget section */
		85191F682206FF08008CC5B2 /* UserAvatarViewExample */ = {
			isa = PBXNativeTarget;
			buildConfigurationList = 85191F7B2206FF0A008CC5B2 /* Build configuration list for PBXNativeTarget "UserAvatarViewExample" */;
			buildPhases = (
				09CD665C3EB3780E1EC737D7 /* [CP] Check Pods Manifest.lock */,
				85191F652206FF08008CC5B2 /* Sources */,
				85191F662206FF08008CC5B2 /* Frameworks */,
				85191F672206FF08008CC5B2 /* Resources */,
				9FB94D31BA6872B527752A2F /* [CP] Embed Pods Frameworks */,
			);
			buildRules = (
			);
			dependencies = (
			);
			name = UserAvatarViewExample;
			productName = UserAvatarViewExample;
			productReference = 85191F692206FF08008CC5B2 /* UserAvatarViewExample.app */;
			productType = "com.apple.product-type.application";
		};
/* End PBXNativeTarget section */

/* Begin PBXProject section */
		85191F612206FF08008CC5B2 /* Project object */ = {
			isa = PBXProject;
			attributes = {
				LastSwiftUpdateCheck = 1010;
				LastUpgradeCheck = 1240;
				ORGANIZATIONNAME = "Anton Poltoratskyi";
				TargetAttributes = {
					85191F682206FF08008CC5B2 = {
						CreatedOnToolsVersion = 10.1;
						LastSwiftMigration = 1240;
					};
				};
			};
			buildConfigurationList = 85191F642206FF08008CC5B2 /* Build configuration list for PBXProject "UserAvatarViewExample" */;
			compatibilityVersion = "Xcode 9.3";
			developmentRegion = en;
			hasScannedForEncodings = 0;
			knownRegions = (
				en,
				Base,
			);
			mainGroup = 85191F602206FF08008CC5B2;
			productRefGroup = 85191F6A2206FF08008CC5B2 /* Products */;
			projectDirPath = "";
			projectRoot = "";
			targets = (
				85191F682206FF08008CC5B2 /* UserAvatarViewExample */,
			);
		};
/* End PBXProject section */

/* Begin PBXResourcesBuildPhase section */
		85191F672206FF08008CC5B2 /* Resources */ = {
			isa = PBXResourcesBuildPhase;
			buildActionMask = 2147483647;
			files = (
				85191F772206FF0A008CC5B2 /* LaunchScreen.storyboard in Resources */,
				85191F742206FF0A008CC5B2 /* Assets.xcassets in Resources */,
				85191F722206FF08008CC5B2 /* Main.storyboard in Resources */,
			);
			runOnlyForDeploymentPostprocessing = 0;
		};
/* End PBXResourcesBuildPhase section */

/* Begin PBXShellScriptBuildPhase section */
		09CD665C3EB3780E1EC737D7 /* [CP] Check Pods Manifest.lock */ = {
			isa = PBXShellScriptBuildPhase;
			buildActionMask = 2147483647;
			files = (
			);
			inputFileListPaths = (
			);
			inputPaths = (
				"${PODS_PODFILE_DIR_PATH}/Podfile.lock",
				"${PODS_ROOT}/Manifest.lock",
			);
			name = "[CP] Check Pods Manifest.lock";
			outputFileListPaths = (
			);
			outputPaths = (
				"$(DERIVED_FILE_DIR)/Pods-UserAvatarViewExample-checkManifestLockResult.txt",
			);
			runOnlyForDeploymentPostprocessing = 0;
			shellPath = /bin/sh;
			shellScript = "diff \"${PODS_PODFILE_DIR_PATH}/Podfile.lock\" \"${PODS_ROOT}/Manifest.lock\" > /dev/null\nif [ $? != 0 ] ; then\n    # print error to STDERR\n    echo \"error: The sandbox is not in sync with the Podfile.lock. Run 'pod install' or update your CocoaPods installation.\" >&2\n    exit 1\nfi\n# This output is used by Xcode 'outputs' to avoid re-running this script phase.\necho \"SUCCESS\" > \"${SCRIPT_OUTPUT_FILE_0}\"\n";
			showEnvVarsInLog = 0;
		};
		9FB94D31BA6872B527752A2F /* [CP] Embed Pods Frameworks */ = {
			isa = PBXShellScriptBuildPhase;
			buildActionMask = 2147483647;
			files = (
			);
			inputFileListPaths = (
				"${PODS_ROOT}/Target Support Files/Pods-UserAvatarViewExample/Pods-UserAvatarViewExample-frameworks-${CONFIGURATION}-input-files.xcfilelist",
			);
			name = "[CP] Embed Pods Frameworks";
			outputFileListPaths = (
				"${PODS_ROOT}/Target Support Files/Pods-UserAvatarViewExample/Pods-UserAvatarViewExample-frameworks-${CONFIGURATION}-output-files.xcfilelist",
			);
			runOnlyForDeploymentPostprocessing = 0;
			shellPath = /bin/sh;
			shellScript = "\"${PODS_ROOT}/Target Support Files/Pods-UserAvatarViewExample/Pods-UserAvatarViewExample-frameworks.sh\"\n";
			showEnvVarsInLog = 0;
		};
/* End PBXShellScriptBuildPhase section */

/* Begin PBXSourcesBuildPhase section */
		85191F652206FF08008CC5B2 /* Sources */ = {
			isa = PBXSourcesBuildPhase;
			buildActionMask = 2147483647;
			files = (
				85191F6F2206FF08008CC5B2 /* ViewController.swift in Sources */,
				85191F6D2206FF08008CC5B2 /* AppDelegate.swift in Sources */,
			);
			runOnlyForDeploymentPostprocessing = 0;
		};
/* End PBXSourcesBuildPhase section */

/* Begin PBXVariantGroup section */
		85191F702206FF08008CC5B2 /* Main.storyboard */ = {
			isa = PBXVariantGroup;
			children = (
				85191F712206FF08008CC5B2 /* Base */,
			);
			name = Main.storyboard;
			sourceTree = "<group>";
		};
		85191F752206FF0A008CC5B2 /* LaunchScreen.storyboard */ = {
			isa = PBXVariantGroup;
			children = (
				85191F762206FF0A008CC5B2 /* Base */,
			);
			name = LaunchScreen.storyboard;
			sourceTree = "<group>";
		};
/* End PBXVariantGroup section */

/* Begin XCBuildConfiguration section */
		85191F792206FF0A008CC5B2 /* Debug */ = {
			isa = XCBuildConfiguration;
			buildSettings = {
				ALWAYS_SEARCH_USER_PATHS = NO;
				CLANG_ANALYZER_NONNULL = YES;
				CLANG_ANALYZER_NUMBER_OBJECT_CONVERSION = YES_AGGRESSIVE;
				CLANG_CXX_LANGUAGE_STANDARD = "gnu++14";
				CLANG_CXX_LIBRARY = "libc++";
				CLANG_ENABLE_MODULES = YES;
				CLANG_ENABLE_OBJC_ARC = YES;
				CLANG_ENABLE_OBJC_WEAK = YES;
				CLANG_WARN_BLOCK_CAPTURE_AUTORELEASING = YES;
				CLANG_WARN_BOOL_CONVERSION = YES;
				CLANG_WARN_COMMA = YES;
				CLANG_WARN_CONSTANT_CONVERSION = YES;
				CLANG_WARN_DEPRECATED_OBJC_IMPLEMENTATIONS = YES;
				CLANG_WARN_DIRECT_OBJC_ISA_USAGE = YES_ERROR;
				CLANG_WARN_DOCUMENTATION_COMMENTS = YES;
				CLANG_WARN_EMPTY_BODY = YES;
				CLANG_WARN_ENUM_CONVERSION = YES;
				CLANG_WARN_INFINITE_RECURSION = YES;
				CLANG_WARN_INT_CONVERSION = YES;
				CLANG_WARN_NON_LITERAL_NULL_CONVERSION = YES;
				CLANG_WARN_OBJC_IMPLICIT_RETAIN_SELF = YES;
				CLANG_WARN_OBJC_LITERAL_CONVERSION = YES;
				CLANG_WARN_OBJC_ROOT_CLASS = YES_ERROR;
				CLANG_WARN_QUOTED_INCLUDE_IN_FRAMEWORK_HEADER = YES;
				CLANG_WARN_RANGE_LOOP_ANALYSIS = YES;
				CLANG_WARN_STRICT_PROTOTYPES = YES;
				CLANG_WARN_SUSPICIOUS_MOVE = YES;
				CLANG_WARN_UNGUARDED_AVAILABILITY = YES_AGGRESSIVE;
				CLANG_WARN_UNREACHABLE_CODE = YES;
				CLANG_WARN__DUPLICATE_METHOD_MATCH = YES;
				CODE_SIGN_IDENTITY = "iPhone Developer";
				COPY_PHASE_STRIP = NO;
				DEBUG_INFORMATION_FORMAT = dwarf;
				ENABLE_STRICT_OBJC_MSGSEND = YES;
				ENABLE_TESTABILITY = YES;
				GCC_C_LANGUAGE_STANDARD = gnu11;
				GCC_DYNAMIC_NO_PIC = NO;
				GCC_NO_COMMON_BLOCKS = YES;
				GCC_OPTIMIZATION_LEVEL = 0;
				GCC_PREPROCESSOR_DEFINITIONS = (
					"DEBUG=1",
					"$(inherited)",
				);
				GCC_WARN_64_TO_32_BIT_CONVERSION = YES;
				GCC_WARN_ABOUT_RETURN_TYPE = YES_ERROR;
				GCC_WARN_UNDECLARED_SELECTOR = YES;
				GCC_WARN_UNINITIALIZED_AUTOS = YES_AGGRESSIVE;
				GCC_WARN_UNUSED_FUNCTION = YES;
				GCC_WARN_UNUSED_VARIABLE = YES;
				IPHONEOS_DEPLOYMENT_TARGET = 10.0;
				MTL_ENABLE_DEBUG_INFO = INCLUDE_SOURCE;
				MTL_FAST_MATH = YES;
				ONLY_ACTIVE_ARCH = YES;
				SDKROOT = iphoneos;
				SWIFT_ACTIVE_COMPILATION_CONDITIONS = DEBUG;
				SWIFT_OPTIMIZATION_LEVEL = "-Onone";
				SWIFT_VERSION = 5.0;
			};
			name = Debug;
		};
		85191F7A2206FF0A008CC5B2 /* Release */ = {
			isa = XCBuildConfiguration;
			buildSettings = {
				ALWAYS_SEARCH_USER_PATHS = NO;
				CLANG_ANALYZER_NONNULL = YES;
				CLANG_ANALYZER_NUMBER_OBJECT_CONVERSION = YES_AGGRESSIVE;
				CLANG_CXX_LANGUAGE_STANDARD = "gnu++14";
				CLANG_CXX_LIBRARY = "libc++";
				CLANG_ENABLE_MODULES = YES;
				CLANG_ENABLE_OBJC_ARC = YES;
				CLANG_ENABLE_OBJC_WEAK = YES;
				CLANG_WARN_BLOCK_CAPTURE_AUTORELEASING = YES;
				CLANG_WARN_BOOL_CONVERSION = YES;
				CLANG_WARN_COMMA = YES;
				CLANG_WARN_CONSTANT_CONVERSION = YES;
				CLANG_WARN_DEPRECATED_OBJC_IMPLEMENTATIONS = YES;
				CLANG_WARN_DIRECT_OBJC_ISA_USAGE = YES_ERROR;
				CLANG_WARN_DOCUMENTATION_COMMENTS = YES;
				CLANG_WARN_EMPTY_BODY = YES;
				CLANG_WARN_ENUM_CONVERSION = YES;
				CLANG_WARN_INFINITE_RECURSION = YES;
				CLANG_WARN_INT_CONVERSION = YES;
				CLANG_WARN_NON_LITERAL_NULL_CONVERSION = YES;
				CLANG_WARN_OBJC_IMPLICIT_RETAIN_SELF = YES;
				CLANG_WARN_OBJC_LITERAL_CONVERSION = YES;
				CLANG_WARN_OBJC_ROOT_CLASS = YES_ERROR;
				CLANG_WARN_QUOTED_INCLUDE_IN_FRAMEWORK_HEADER = YES;
				CLANG_WARN_RANGE_LOOP_ANALYSIS = YES;
				CLANG_WARN_STRICT_PROTOTYPES = YES;
				CLANG_WARN_SUSPICIOUS_MOVE = YES;
				CLANG_WARN_UNGUARDED_AVAILABILITY = YES_AGGRESSIVE;
				CLANG_WARN_UNREACHABLE_CODE = YES;
				CLANG_WARN__DUPLICATE_METHOD_MATCH = YES;
				CODE_SIGN_IDENTITY = "iPhone Developer";
				COPY_PHASE_STRIP = NO;
				DEBUG_INFORMATION_FORMAT = "dwarf-with-dsym";
				ENABLE_NS_ASSERTIONS = NO;
				ENABLE_STRICT_OBJC_MSGSEND = YES;
				GCC_C_LANGUAGE_STANDARD = gnu11;
				GCC_NO_COMMON_BLOCKS = YES;
				GCC_WARN_64_TO_32_BIT_CONVERSION = YES;
				GCC_WARN_ABOUT_RETURN_TYPE = YES_ERROR;
				GCC_WARN_UNDECLARED_SELECTOR = YES;
				GCC_WARN_UNINITIALIZED_AUTOS = YES_AGGRESSIVE;
				GCC_WARN_UNUSED_FUNCTION = YES;
				GCC_WARN_UNUSED_VARIABLE = YES;
				IPHONEOS_DEPLOYMENT_TARGET = 10.0;
				MTL_ENABLE_DEBUG_INFO = NO;
				MTL_FAST_MATH = YES;
				SDKROOT = iphoneos;
				SWIFT_COMPILATION_MODE = wholemodule;
				SWIFT_OPTIMIZATION_LEVEL = "-O";
				SWIFT_VERSION = 5.0;
				VALIDATE_PRODUCT = YES;
			};
			name = Release;
		};
		85191F7C2206FF0A008CC5B2 /* Debug */ = {
			isa = XCBuildConfiguration;
			baseConfigurationReference = 50F162DCFB4F4170BA52CF51 /* Pods-UserAvatarViewExample.debug.xcconfig */;
			buildSettings = {
				ASSETCATALOG_COMPILER_APPICON_NAME = AppIcon;
				CODE_SIGN_STYLE = Automatic;
				DEVELOPMENT_TEAM = 69HX7T8G92;
				INFOPLIST_FILE = UserAvatarViewExample/Info.plist;
				LD_RUNPATH_SEARCH_PATHS = (
					"$(inherited)",
					"@executable_path/Frameworks",
				);
				PRODUCT_BUNDLE_IDENTIFIER = com.polant.UserAvatarViewExample;
				PRODUCT_NAME = "$(TARGET_NAME)";
				SWIFT_VERSION = 5.0;
				TARGETED_DEVICE_FAMILY = "1,2";
			};
			name = Debug;
		};
		85191F7D2206FF0A008CC5B2 /* Release */ = {
			isa = XCBuildConfiguration;
			baseConfigurationReference = 17545A75F90713DE565B3632 /* Pods-UserAvatarViewExample.release.xcconfig */;
			buildSettings = {
				ASSETCATALOG_COMPILER_APPICON_NAME = AppIcon;
				CODE_SIGN_STYLE = Automatic;
				DEVELOPMENT_TEAM = 69HX7T8G92;
				INFOPLIST_FILE = UserAvatarViewExample/Info.plist;
				LD_RUNPATH_SEARCH_PATHS = (
					"$(inherited)",
					"@executable_path/Frameworks",
				);
				PRODUCT_BUNDLE_IDENTIFIER = com.polant.UserAvatarViewExample;
				PRODUCT_NAME = "$(TARGET_NAME)";
				SWIFT_VERSION = 5.0;
				TARGETED_DEVICE_FAMILY = "1,2";
			};
			name = Release;
		};
/* End XCBuildConfiguration section */

/* Begin XCConfigurationList section */
		85191F642206FF08008CC5B2 /* Build configuration list for PBXProject "UserAvatarViewExample" */ = {
			isa = XCConfigurationList;
			buildConfigurations = (
				85191F792206FF0A008CC5B2 /* Debug */,
				85191F7A2206FF0A008CC5B2 /* Release */,
			);
			defaultConfigurationIsVisible = 0;
			defaultConfigurationName = Release;
		};
		85191F7B2206FF0A008CC5B2 /* Build configuration list for PBXNativeTarget "UserAvatarViewExample" */ = {
			isa = XCConfigurationList;
			buildConfigurations = (
				85191F7C2206FF0A008CC5B2 /* Debug */,
				85191F7D2206FF0A008CC5B2 /* Release */,
			);
			defaultConfigurationIsVisible = 0;
			defaultConfigurationName = Release;
		};
/* End XCConfigurationList section */
	};
	rootObject = 85191F612206FF08008CC5B2 /* Project object */;
}
